{
  "name": "404",
  "version": "1.0.0",
  "lockFileVersion": 3,
  "requires": true,
  "packages": {
    "": {
      "name": "404",
      "version": "1.0.0",
      "main": "index.js",
      "scripts": {
        "test": "echo \"Error: no test specified\" && exit 1",
        "start": "node index.js"
      },
      "author": "J-ctrl804",
      "license": "MIT",
      "dependencies": {
        "express": "^4.18.2"
      }
    }
  }
}
